
Microsoft Visual Studio Solution File, Format Version 12.00
# Visual Studio Version 17
VisualStudioVersion = 17.11.35327.3
MinimumVisualStudioVersion = 10.0.40219.1
Project("{FAE04EC0-301F-11D3-BF4B-00C04F79EFBC}") = "Margineanu_Dana_Lab2", "Margineanu_Dana_Lab2.csproj", "{9E81E026-182A-4024-B98F-44747BAF9B5A}"
EndProject
Global
	GlobalSection(SolutionConfigurationPlatforms) = preSolution
		Debug|Any CPU = Debug|Any CPU
		Release|Any CPU = Release|Any CPU
	EndGlobalSection
	GlobalSection(ProjectConfigurationPlatforms) = postSolution
		{9E81E026-182A-4024-B98F-44747BAF9B5A}.Debug|Any CPU.ActiveCfg = Debug|Any CPU
		{9E81E026-182A-4024-B98F-44747BAF9B5A}.Debug|Any CPU.Build.0 = Debug|Any CPU
		{9E81E026-182A-4024-B98F-44747BAF9B5A}.Release|Any CPU.ActiveCfg = Release|Any CPU
		{9E81E026-182A-4024-B98F-44747BAF9B5A}.Release|Any CPU.Build.0 = Release|Any CPU
	EndGlobalSection
	GlobalSection(SolutionProperties) = preSolution
		HideSolutionNode = FALSE
	EndGlobalSection
	GlobalSection(ExtensibilityGlobals) = postSolution
		SolutionGuid = {C0DF6C4A-B7AA-44F0-BBD9-DAF4900CEA06}
	EndGlobalSection
EndGlobal
